
Microsoft Visual Studio Solution File, Format Version 12.00
# Visual Studio Version 17
VisualStudioVersion = 17.0.31903.59
MinimumVisualStudioVersion = 10.0.40219.1
Project("{2150E333-8FDC-42A3-9474-1A3956D46DE8}") = "src", "src", "{827E0CD3-B72D-47B6-A68D-7590B98EB39B}"
EndProject
Project("{FAE04EC0-301F-11D3-BF4B-00C04F79EFBC}") = "CookBook.Domain", "src\CookBook.Domain\CookBook.Domain.csproj", "{4C35BF83-D3D0-44BC-B37D-C602CFB24D50}"
EndProject
Project("{FAE04EC0-301F-11D3-BF4B-00C04F79EFBC}") = "CookBook.ValueObjects", "src\CookBook.ValueObjects\CookBook.ValueObjects.csproj", "{5C9CFF31-B402-4FC4-B4E6-66802106B8F7}"
EndProject
Project("{FAE04EC0-301F-11D3-BF4B-00C04F79EFBC}") = "CookBook.Domain.Repositories.Abstractions", "src\CookBook.Domain.Repositories.Abstractions\CookBook.Domain.Repositories.Abstractions.csproj", "{FABDD5B4-A1B5-410B-BF38-5F25377BA503}"
EndProject
Project("{FAE04EC0-301F-11D3-BF4B-00C04F79EFBC}") = "CookBook.DomainApp", "src\CookBook.DomainApp\CookBook.DomainApp.csproj", "{35B96D0F-F65F-40AA-A99E-60ADE28F31DB}"
EndProject
Global
	GlobalSection(SolutionConfigurationPlatforms) = preSolution
		Debug|Any CPU = Debug|Any CPU
		Debug|x64 = Debug|x64
		Debug|x86 = Debug|x86
		Release|Any CPU = Release|Any CPU
		Release|x64 = Release|x64
		Release|x86 = Release|x86
	EndGlobalSection
	GlobalSection(ProjectConfigurationPlatforms) = postSolution
		{4C35BF83-D3D0-44BC-B37D-C602CFB24D50}.Debug|Any CPU.ActiveCfg = Debug|Any CPU
		{4C35BF83-D3D0-44BC-B37D-C602CFB24D50}.Debug|Any CPU.Build.0 = Debug|Any CPU
		{4C35BF83-D3D0-44BC-B37D-C602CFB24D50}.Debug|x64.ActiveCfg = Debug|Any CPU
		{4C35BF83-D3D0-44BC-B37D-C602CFB24D50}.Debug|x64.Build.0 = Debug|Any CPU
		{4C35BF83-D3D0-44BC-B37D-C602CFB24D50}.Debug|x86.ActiveCfg = Debug|Any CPU
		{4C35BF83-D3D0-44BC-B37D-C602CFB24D50}.Debug|x86.Build.0 = Debug|Any CPU
		{4C35BF83-D3D0-44BC-B37D-C602CFB24D50}.Release|Any CPU.ActiveCfg = Release|Any CPU
		{4C35BF83-D3D0-44BC-B37D-C602CFB24D50}.Release|Any CPU.Build.0 = Release|Any CPU
		{4C35BF83-D3D0-44BC-B37D-C602CFB24D50}.Release|x64.ActiveCfg = Release|Any CPU
		{4C35BF83-D3D0-44BC-B37D-C602CFB24D50}.Release|x64.Build.0 = Release|Any CPU
		{4C35BF83-D3D0-44BC-B37D-C602CFB24D50}.Release|x86.ActiveCfg = Release|Any CPU
		{4C35BF83-D3D0-44BC-B37D-C602CFB24D50}.Release|x86.Build.0 = Release|Any CPU
		{5C9CFF31-B402-4FC4-B4E6-66802106B8F7}.Debug|Any CPU.ActiveCfg = Debug|Any CPU
		{5C9CFF31-B402-4FC4-B4E6-66802106B8F7}.Debug|Any CPU.Build.0 = Debug|Any CPU
		{5C9CFF31-B402-4FC4-B4E6-66802106B8F7}.Debug|x64.ActiveCfg = Debug|Any CPU
		{5C9CFF31-B402-4FC4-B4E6-66802106B8F7}.Debug|x64.Build.0 = Debug|Any CPU
		{5C9CFF31-B402-4FC4-B4E6-66802106B8F7}.Debug|x86.ActiveCfg = Debug|Any CPU
		{5C9CFF31-B402-4FC4-B4E6-66802106B8F7}.Debug|x86.Build.0 = Debug|Any CPU
		{5C9CFF31-B402-4FC4-B4E6-66802106B8F7}.Release|Any CPU.ActiveCfg = Release|Any CPU
		{5C9CFF31-B402-4FC4-B4E6-66802106B8F7}.Release|Any CPU.Build.0 = Release|Any CPU
		{5C9CFF31-B402-4FC4-B4E6-66802106B8F7}.Release|x64.ActiveCfg = Release|Any CPU
		{5C9CFF31-B402-4FC4-B4E6-66802106B8F7}.Release|x64.Build.0 = Release|Any CPU
		{5C9CFF31-B402-4FC4-B4E6-66802106B8F7}.Release|x86.ActiveCfg = Release|Any CPU
		{5C9CFF31-B402-4FC4-B4E6-66802106B8F7}.Release|x86.Build.0 = Release|Any CPU
		{FABDD5B4-A1B5-410B-BF38-5F25377BA503}.Debug|Any CPU.ActiveCfg = Debug|Any CPU
		{FABDD5B4-A1B5-410B-BF38-5F25377BA503}.Debug|Any CPU.Build.0 = Debug|Any CPU
		{FABDD5B4-A1B5-410B-BF38-5F25377BA503}.Debug|x64.ActiveCfg = Debug|Any CPU
		{FABDD5B4-A1B5-410B-BF38-5F25377BA503}.Debug|x64.Build.0 = Debug|Any CPU
		{FABDD5B4-A1B5-410B-BF38-5F25377BA503}.Debug|x86.ActiveCfg = Debug|Any CPU
		{FABDD5B4-A1B5-410B-BF38-5F25377BA503}.Debug|x86.Build.0 = Debug|Any CPU
		{FABDD5B4-A1B5-410B-BF38-5F25377BA503}.Release|Any CPU.ActiveCfg = Release|Any CPU
		{FABDD5B4-A1B5-410B-BF38-5F25377BA503}.Release|Any CPU.Build.0 = Release|Any CPU
		{FABDD5B4-A1B5-410B-BF38-5F25377BA503}.Release|x64.ActiveCfg = Release|Any CPU
		{FABDD5B4-A1B5-410B-BF38-5F25377BA503}.Release|x64.Build.0 = Release|Any CPU
		{FABDD5B4-A1B5-410B-BF38-5F25377BA503}.Release|x86.ActiveCfg = Release|Any CPU
		{FABDD5B4-A1B5-410B-BF38-5F25377BA503}.Release|x86.Build.0 = Release|Any CPU
		{35B96D0F-F65F-40AA-A99E-60ADE28F31DB}.Debug|Any CPU.ActiveCfg = Debug|Any CPU
		{35B96D0F-F65F-40AA-A99E-60ADE28F31DB}.Debug|Any CPU.Build.0 = Debug|Any CPU
		{35B96D0F-F65F-40AA-A99E-60ADE28F31DB}.Debug|x64.ActiveCfg = Debug|Any CPU
		{35B96D0F-F65F-40AA-A99E-60ADE28F31DB}.Debug|x64.Build.0 = Debug|Any CPU
		{35B96D0F-F65F-40AA-A99E-60ADE28F31DB}.Debug|x86.ActiveCfg = Debug|Any CPU
		{35B96D0F-F65F-40AA-A99E-60ADE28F31DB}.Debug|x86.Build.0 = Debug|Any CPU
		{35B96D0F-F65F-40AA-A99E-60ADE28F31DB}.Release|Any CPU.ActiveCfg = Release|Any CPU
		{35B96D0F-F65F-40AA-A99E-60ADE28F31DB}.Release|Any CPU.Build.0 = Release|Any CPU
		{35B96D0F-F65F-40AA-A99E-60ADE28F31DB}.Release|x64.ActiveCfg = Release|Any CPU
		{35B96D0F-F65F-40AA-A99E-60ADE28F31DB}.Release|x64.Build.0 = Release|Any CPU
		{35B96D0F-F65F-40AA-A99E-60ADE28F31DB}.Release|x86.ActiveCfg = Release|Any CPU
		{35B96D0F-F65F-40AA-A99E-60ADE28F31DB}.Release|x86.Build.0 = Release|Any CPU
	EndGlobalSection
	GlobalSection(SolutionProperties) = preSolution
		HideSolutionNode = FALSE
	EndGlobalSection
	GlobalSection(NestedProjects) = preSolution
		{4C35BF83-D3D0-44BC-B37D-C602CFB24D50} = {827E0CD3-B72D-47B6-A68D-7590B98EB39B}
		{5C9CFF31-B402-4FC4-B4E6-66802106B8F7} = {827E0CD3-B72D-47B6-A68D-7590B98EB39B}
		{FABDD5B4-A1B5-410B-BF38-5F25377BA503} = {827E0CD3-B72D-47B6-A68D-7590B98EB39B}
		{35B96D0F-F65F-40AA-A99E-60ADE28F31DB} = {827E0CD3-B72D-47B6-A68D-7590B98EB39B}
	EndGlobalSection
EndGlobal
