
Microsoft Visual Studio Solution File, Format Version 12.00
# Visual Studio Version 17
VisualStudioVersion = 17.0.31903.59
MinimumVisualStudioVersion = 10.0.40219.1
Project("{2150E333-8FDC-42A3-9474-1A3956D46DE8}") = "Domain", "Domain", "{996CEBED-A05B-5D42-3FF0-982E087A2599}"
EndProject
Project("{FAE04EC0-301F-11D3-BF4B-00C04F79EFBC}") = "CookBook.Domain", "Domain\CookBook.Domain\CookBook.Domain.csproj", "{7F97024C-57C6-4446-AB06-D4648DA5897F}"
EndProject
Project("{FAE04EC0-301F-11D3-BF4B-00C04F79EFBC}") = "CookBook.ValueObjects", "Domain\CookBook.ValueObjects\CookBook.ValueObjects.csproj", "{3C82F95C-816E-4A30-A67B-5F36661A9D3D}"
EndProject
Project("{FAE04EC0-301F-11D3-BF4B-00C04F79EFBC}") = "CookBook.Domain.Repositories.Abstractions", "Domain\CookBook.Domain.Repositories.Abstractions\CookBook.Domain.Repositories.Abstractions.csproj", "{9D352B94-D8AB-445C-8D24-60039FBAA7B6}"
EndProject
Project("{FAE04EC0-301F-11D3-BF4B-00C04F79EFBC}") = "CookBook.DomainApp", "Domain\CookBook.DomainApp\CookBook.DomainApp.csproj", "{52F5D862-859D-4B4D-AD98-938DCD9EE769}"
EndProject
Project("{2150E333-8FDC-42A3-9474-1A3956D46DE8}") = "Infrastructure", "Infrastructure", "{DFEE68D8-A7D0-1A41-506C-9B74AA9A7B7B}"
EndProject
Project("{FAE04EC0-301F-11D3-BF4B-00C04F79EFBC}") = "CookBook.Infrastructure", "Infrastructure\CookBook.Infrastructure\CookBook.Infrastructure.csproj", "{F9FD46E9-98A5-4EF8-8937-D564FD58617B}"
EndProject
Project("{2150E333-8FDC-42A3-9474-1A3956D46DE8}") = "Presentation", "Presentation", "{06CFFD70-14AA-A959-A3BA-1B15D094E3B1}"
EndProject
Project("{FAE04EC0-301F-11D3-BF4B-00C04F79EFBC}") = "CookBook.WebHost", "Presentation\CookBook.WebHost\CookBook.WebHost.csproj", "{AEADECED-E715-4B8A-9B6B-7D1898B9C484}"
EndProject
Global
	GlobalSection(SolutionConfigurationPlatforms) = preSolution
		Debug|Any CPU = Debug|Any CPU
		Debug|x64 = Debug|x64
		Debug|x86 = Debug|x86
		Release|Any CPU = Release|Any CPU
		Release|x64 = Release|x64
		Release|x86 = Release|x86
	EndGlobalSection
	GlobalSection(ProjectConfigurationPlatforms) = postSolution
		{7F97024C-57C6-4446-AB06-D4648DA5897F}.Debug|Any CPU.ActiveCfg = Debug|Any CPU
		{7F97024C-57C6-4446-AB06-D4648DA5897F}.Debug|Any CPU.Build.0 = Debug|Any CPU
		{7F97024C-57C6-4446-AB06-D4648DA5897F}.Debug|x64.ActiveCfg = Debug|Any CPU
		{7F97024C-57C6-4446-AB06-D4648DA5897F}.Debug|x64.Build.0 = Debug|Any CPU
		{7F97024C-57C6-4446-AB06-D4648DA5897F}.Debug|x86.ActiveCfg = Debug|Any CPU
		{7F97024C-57C6-4446-AB06-D4648DA5897F}.Debug|x86.Build.0 = Debug|Any CPU
		{7F97024C-57C6-4446-AB06-D4648DA5897F}.Release|Any CPU.ActiveCfg = Release|Any CPU
		{7F97024C-57C6-4446-AB06-D4648DA5897F}.Release|Any CPU.Build.0 = Release|Any CPU
		{7F97024C-57C6-4446-AB06-D4648DA5897F}.Release|x64.ActiveCfg = Release|Any CPU
		{7F97024C-57C6-4446-AB06-D4648DA5897F}.Release|x64.Build.0 = Release|Any CPU
		{7F97024C-57C6-4446-AB06-D4648DA5897F}.Release|x86.ActiveCfg = Release|Any CPU
		{7F97024C-57C6-4446-AB06-D4648DA5897F}.Release|x86.Build.0 = Release|Any CPU
		{3C82F95C-816E-4A30-A67B-5F36661A9D3D}.Debug|Any CPU.ActiveCfg = Debug|Any CPU
		{3C82F95C-816E-4A30-A67B-5F36661A9D3D}.Debug|Any CPU.Build.0 = Debug|Any CPU
		{3C82F95C-816E-4A30-A67B-5F36661A9D3D}.Debug|x64.ActiveCfg = Debug|Any CPU
		{3C82F95C-816E-4A30-A67B-5F36661A9D3D}.Debug|x64.Build.0 = Debug|Any CPU
		{3C82F95C-816E-4A30-A67B-5F36661A9D3D}.Debug|x86.ActiveCfg = Debug|Any CPU
		{3C82F95C-816E-4A30-A67B-5F36661A9D3D}.Debug|x86.Build.0 = Debug|Any CPU
		{3C82F95C-816E-4A30-A67B-5F36661A9D3D}.Release|Any CPU.ActiveCfg = Release|Any CPU
		{3C82F95C-816E-4A30-A67B-5F36661A9D3D}.Release|Any CPU.Build.0 = Release|Any CPU
		{3C82F95C-816E-4A30-A67B-5F36661A9D3D}.Release|x64.ActiveCfg = Release|Any CPU
		{3C82F95C-816E-4A30-A67B-5F36661A9D3D}.Release|x64.Build.0 = Release|Any CPU
		{3C82F95C-816E-4A30-A67B-5F36661A9D3D}.Release|x86.ActiveCfg = Release|Any CPU
		{3C82F95C-816E-4A30-A67B-5F36661A9D3D}.Release|x86.Build.0 = Release|Any CPU
		{9D352B94-D8AB-445C-8D24-60039FBAA7B6}.Debug|Any CPU.ActiveCfg = Debug|Any CPU
		{9D352B94-D8AB-445C-8D24-60039FBAA7B6}.Debug|Any CPU.Build.0 = Debug|Any CPU
		{9D352B94-D8AB-445C-8D24-60039FBAA7B6}.Debug|x64.ActiveCfg = Debug|Any CPU
		{9D352B94-D8AB-445C-8D24-60039FBAA7B6}.Debug|x64.Build.0 = Debug|Any CPU
		{9D352B94-D8AB-445C-8D24-60039FBAA7B6}.Debug|x86.ActiveCfg = Debug|Any CPU
		{9D352B94-D8AB-445C-8D24-60039FBAA7B6}.Debug|x86.Build.0 = Debug|Any CPU
		{9D352B94-D8AB-445C-8D24-60039FBAA7B6}.Release|Any CPU.ActiveCfg = Release|Any CPU
		{9D352B94-D8AB-445C-8D24-60039FBAA7B6}.Release|Any CPU.Build.0 = Release|Any CPU
		{9D352B94-D8AB-445C-8D24-60039FBAA7B6}.Release|x64.ActiveCfg = Release|Any CPU
		{9D352B94-D8AB-445C-8D24-60039FBAA7B6}.Release|x64.Build.0 = Release|Any CPU
		{9D352B94-D8AB-445C-8D24-60039FBAA7B6}.Release|x86.ActiveCfg = Release|Any CPU
		{9D352B94-D8AB-445C-8D24-60039FBAA7B6}.Release|x86.Build.0 = Release|Any CPU
		{52F5D862-859D-4B4D-AD98-938DCD9EE769}.Debug|Any CPU.ActiveCfg = Debug|Any CPU
		{52F5D862-859D-4B4D-AD98-938DCD9EE769}.Debug|Any CPU.Build.0 = Debug|Any CPU
		{52F5D862-859D-4B4D-AD98-938DCD9EE769}.Debug|x64.ActiveCfg = Debug|Any CPU
		{52F5D862-859D-4B4D-AD98-938DCD9EE769}.Debug|x64.Build.0 = Debug|Any CPU
		{52F5D862-859D-4B4D-AD98-938DCD9EE769}.Debug|x86.ActiveCfg = Debug|Any CPU
		{52F5D862-859D-4B4D-AD98-938DCD9EE769}.Debug|x86.Build.0 = Debug|Any CPU
		{52F5D862-859D-4B4D-AD98-938DCD9EE769}.Release|Any CPU.ActiveCfg = Release|Any CPU
		{52F5D862-859D-4B4D-AD98-938DCD9EE769}.Release|Any CPU.Build.0 = Release|Any CPU
		{52F5D862-859D-4B4D-AD98-938DCD9EE769}.Release|x64.ActiveCfg = Release|Any CPU
		{52F5D862-859D-4B4D-AD98-938DCD9EE769}.Release|x64.Build.0 = Release|Any CPU
		{52F5D862-859D-4B4D-AD98-938DCD9EE769}.Release|x86.ActiveCfg = Release|Any CPU
		{52F5D862-859D-4B4D-AD98-938DCD9EE769}.Release|x86.Build.0 = Release|Any CPU
		{F9FD46E9-98A5-4EF8-8937-D564FD58617B}.Debug|Any CPU.ActiveCfg = Debug|Any CPU
		{F9FD46E9-98A5-4EF8-8937-D564FD58617B}.Debug|Any CPU.Build.0 = Debug|Any CPU
		{F9FD46E9-98A5-4EF8-8937-D564FD58617B}.Debug|x64.ActiveCfg = Debug|Any CPU
		{F9FD46E9-98A5-4EF8-8937-D564FD58617B}.Debug|x64.Build.0 = Debug|Any CPU
		{F9FD46E9-98A5-4EF8-8937-D564FD58617B}.Debug|x86.ActiveCfg = Debug|Any CPU
		{F9FD46E9-98A5-4EF8-8937-D564FD58617B}.Debug|x86.Build.0 = Debug|Any CPU
		{F9FD46E9-98A5-4EF8-8937-D564FD58617B}.Release|Any CPU.ActiveCfg = Release|Any CPU
		{F9FD46E9-98A5-4EF8-8937-D564FD58617B}.Release|Any CPU.Build.0 = Release|Any CPU
		{F9FD46E9-98A5-4EF8-8937-D564FD58617B}.Release|x64.ActiveCfg = Release|Any CPU
		{F9FD46E9-98A5-4EF8-8937-D564FD58617B}.Release|x64.Build.0 = Release|Any CPU
		{F9FD46E9-98A5-4EF8-8937-D564FD58617B}.Release|x86.ActiveCfg = Release|Any CPU
		{F9FD46E9-98A5-4EF8-8937-D564FD58617B}.Release|x86.Build.0 = Release|Any CPU
		{AEADECED-E715-4B8A-9B6B-7D1898B9C484}.Debug|Any CPU.ActiveCfg = Debug|Any CPU
		{AEADECED-E715-4B8A-9B6B-7D1898B9C484}.Debug|Any CPU.Build.0 = Debug|Any CPU
		{AEADECED-E715-4B8A-9B6B-7D1898B9C484}.Debug|x64.ActiveCfg = Debug|Any CPU
		{AEADECED-E715-4B8A-9B6B-7D1898B9C484}.Debug|x64.Build.0 = Debug|Any CPU
		{AEADECED-E715-4B8A-9B6B-7D1898B9C484}.Debug|x86.ActiveCfg = Debug|Any CPU
		{AEADECED-E715-4B8A-9B6B-7D1898B9C484}.Debug|x86.Build.0 = Debug|Any CPU
		{AEADECED-E715-4B8A-9B6B-7D1898B9C484}.Release|Any CPU.ActiveCfg = Release|Any CPU
		{AEADECED-E715-4B8A-9B6B-7D1898B9C484}.Release|Any CPU.Build.0 = Release|Any CPU
		{AEADECED-E715-4B8A-9B6B-7D1898B9C484}.Release|x64.ActiveCfg = Release|Any CPU
		{AEADECED-E715-4B8A-9B6B-7D1898B9C484}.Release|x64.Build.0 = Release|Any CPU
		{AEADECED-E715-4B8A-9B6B-7D1898B9C484}.Release|x86.ActiveCfg = Release|Any CPU
		{AEADECED-E715-4B8A-9B6B-7D1898B9C484}.Release|x86.Build.0 = Release|Any CPU
	EndGlobalSection
	GlobalSection(SolutionProperties) = preSolution
		HideSolutionNode = FALSE
	EndGlobalSection
	GlobalSection(NestedProjects) = preSolution
		{7F97024C-57C6-4446-AB06-D4648DA5897F} = {996CEBED-A05B-5D42-3FF0-982E087A2599}
		{3C82F95C-816E-4A30-A67B-5F36661A9D3D} = {996CEBED-A05B-5D42-3FF0-982E087A2599}
		{9D352B94-D8AB-445C-8D24-60039FBAA7B6} = {996CEBED-A05B-5D42-3FF0-982E087A2599}
		{52F5D862-859D-4B4D-AD98-938DCD9EE769} = {996CEBED-A05B-5D42-3FF0-982E087A2599}
		{F9FD46E9-98A5-4EF8-8937-D564FD58617B} = {DFEE68D8-A7D0-1A41-506C-9B74AA9A7B7B}
		{AEADECED-E715-4B8A-9B6B-7D1898B9C484} = {06CFFD70-14AA-A959-A3BA-1B15D094E3B1}
	EndGlobalSection
EndGlobal
