
Microsoft Visual Studio Solution File, Format Version 12.00
# Visual Studio Version 17
VisualStudioVersion = 17.13.35806.99 d17.13
MinimumVisualStudioVersion = 10.0.40219.1
Project("{FAE04EC0-301F-11D3-BF4B-00C04F79EFBC}") = "CookBook", "CookBook.csproj", "{CB585FEF-06BE-4E96-BFAD-01D700F57761}"
EndProject
Project("{2150E333-8FDC-42A3-9474-1A3956D46DE8}") = "Domain", "Domain", "{36D591C7-65C7-A0D1-1CBC-10CDE441BDC8}"
EndProject
Project("{FAE04EC0-301F-11D3-BF4B-00C04F79EFBC}") = "CookBook.ValueObjects", "..\CookBook.ValueObjects\CookBook.ValueObjects.csproj", "{2B91C34F-B7BF-4371-8D28-86633204EFE8}"
EndProject
Project("{FAE04EC0-301F-11D3-BF4B-00C04F79EFBC}") = "Domain.Repositories.Abstractions", "..\Domain.Repositories.Abstractions\Domain.Repositories.Abstractions.csproj", "{1AAABAA0-B664-4168-A85D-54A0FA1511A3}"
EndProject
Project("{FAE04EC0-301F-11D3-BF4B-00C04F79EFBC}") = "CookBook.Domain", "..\CookBook.Domain\CookBook.Domain.csproj", "{5C9A3313-63DF-4419-9610-C4F14AFA3D0E}"
EndProject
Project("{FAE04EC0-301F-11D3-BF4B-00C04F79EFBC}") = "DomainApp", "..\DomainApp\DomainApp.csproj", "{F33B32F7-B61E-4631-93E9-2BF3FC81F0DC}"
EndProject
Global
	GlobalSection(SolutionConfigurationPlatforms) = preSolution
		Debug|Any CPU = Debug|Any CPU
		Release|Any CPU = Release|Any CPU
	EndGlobalSection
	GlobalSection(ProjectConfigurationPlatforms) = postSolution
		{CB585FEF-06BE-4E96-BFAD-01D700F57761}.Debug|Any CPU.ActiveCfg = Debug|Any CPU
		{CB585FEF-06BE-4E96-BFAD-01D700F57761}.Debug|Any CPU.Build.0 = Debug|Any CPU
		{CB585FEF-06BE-4E96-BFAD-01D700F57761}.Release|Any CPU.ActiveCfg = Release|Any CPU
		{CB585FEF-06BE-4E96-BFAD-01D700F57761}.Release|Any CPU.Build.0 = Release|Any CPU
		{2B91C34F-B7BF-4371-8D28-86633204EFE8}.Debug|Any CPU.ActiveCfg = Debug|Any CPU
		{2B91C34F-B7BF-4371-8D28-86633204EFE8}.Debug|Any CPU.Build.0 = Debug|Any CPU
		{2B91C34F-B7BF-4371-8D28-86633204EFE8}.Release|Any CPU.ActiveCfg = Release|Any CPU
		{2B91C34F-B7BF-4371-8D28-86633204EFE8}.Release|Any CPU.Build.0 = Release|Any CPU
		{1AAABAA0-B664-4168-A85D-54A0FA1511A3}.Debug|Any CPU.ActiveCfg = Debug|Any CPU
		{1AAABAA0-B664-4168-A85D-54A0FA1511A3}.Debug|Any CPU.Build.0 = Debug|Any CPU
		{1AAABAA0-B664-4168-A85D-54A0FA1511A3}.Release|Any CPU.ActiveCfg = Release|Any CPU
		{1AAABAA0-B664-4168-A85D-54A0FA1511A3}.Release|Any CPU.Build.0 = Release|Any CPU
		{5C9A3313-63DF-4419-9610-C4F14AFA3D0E}.Debug|Any CPU.ActiveCfg = Debug|Any CPU
		{5C9A3313-63DF-4419-9610-C4F14AFA3D0E}.Debug|Any CPU.Build.0 = Debug|Any CPU
		{5C9A3313-63DF-4419-9610-C4F14AFA3D0E}.Release|Any CPU.ActiveCfg = Release|Any CPU
		{5C9A3313-63DF-4419-9610-C4F14AFA3D0E}.Release|Any CPU.Build.0 = Release|Any CPU
		{F33B32F7-B61E-4631-93E9-2BF3FC81F0DC}.Debug|Any CPU.ActiveCfg = Debug|Any CPU
		{F33B32F7-B61E-4631-93E9-2BF3FC81F0DC}.Debug|Any CPU.Build.0 = Debug|Any CPU
		{F33B32F7-B61E-4631-93E9-2BF3FC81F0DC}.Release|Any CPU.ActiveCfg = Release|Any CPU
		{F33B32F7-B61E-4631-93E9-2BF3FC81F0DC}.Release|Any CPU.Build.0 = Release|Any CPU
	EndGlobalSection
	GlobalSection(SolutionProperties) = preSolution
		HideSolutionNode = FALSE
	EndGlobalSection
	GlobalSection(NestedProjects) = preSolution
		{2B91C34F-B7BF-4371-8D28-86633204EFE8} = {36D591C7-65C7-A0D1-1CBC-10CDE441BDC8}
		{1AAABAA0-B664-4168-A85D-54A0FA1511A3} = {36D591C7-65C7-A0D1-1CBC-10CDE441BDC8}
		{5C9A3313-63DF-4419-9610-C4F14AFA3D0E} = {36D591C7-65C7-A0D1-1CBC-10CDE441BDC8}
		{F33B32F7-B61E-4631-93E9-2BF3FC81F0DC} = {36D591C7-65C7-A0D1-1CBC-10CDE441BDC8}
	EndGlobalSection
	GlobalSection(ExtensibilityGlobals) = postSolution
		SolutionGuid = {88F5F764-64FA-4896-B3C2-5DD60C70C260}
	EndGlobalSection
EndGlobal
